Microsoft Visual Studio Solution File, Format Version 12.00
# Visual Studio Version 17
VisualStudioVersion = 17.5.2.0
MinimumVisualStudioVersion = 10.0.40219.1
Project("{2150E333-8FDC-42A3-9474-1A3956D46DE8}") = "mocks", "mocks", "{538F2A43-6114-6D32-FD9B-C27BFA77DD39}"
EndProject
Project("{FAE04EC0-301F-11D3-BF4B-00C04F79EFBC}") = "MockCms.API", "mocks\MockCms.API\MockCms.API.csproj", "{D94E86AE-5471-26BC-26D4-FF866901CF3B}"
EndProject
Project("{FAE04EC0-301F-11D3-BF4B-00C04F79EFBC}") = "MockRos.API", "mocks\MockRos.API\MockRos.API.csproj", "{6D86BAB5-0898-49F0-9592-48E39A129502}"
EndProject
Project("{FAE04EC0-301F-11D3-BF4B-00C04F79EFBC}") = "MockWms.TcpServer", "mocks\MockWms.TcpServer\MockWms.TcpServer.csproj", "{ADCEEE19-AD87-4B53-960C-F1EA86BE9288}"
EndProject
Global
	GlobalSection(SolutionConfigurationPlatforms) = preSolution
		Debug|Any CPU = Debug|Any CPU
		Release|Any CPU = Release|Any CPU
	EndGlobalSection
	GlobalSection(ProjectConfigurationPlatforms) = postSolution
		{D94E86AE-5471-26BC-26D4-FF866901CF3B}.Debug|Any CPU.ActiveCfg = Debug|Any CPU
		{D94E86AE-5471-26BC-26D4-FF866901CF3B}.Debug|Any CPU.Build.0 = Debug|Any CPU
		{D94E86AE-5471-26BC-26D4-FF866901CF3B}.Release|Any CPU.ActiveCfg = Release|Any CPU
		{D94E86AE-5471-26BC-26D4-FF866901CF3B}.Release|Any CPU.Build.0 = Release|Any CPU
		{6D86BAB5-0898-49F0-9592-48E39A129502}.Debug|Any CPU.ActiveCfg = Debug|Any CPU
		{6D86BAB5-0898-49F0-9592-48E39A129502}.Debug|Any CPU.Build.0 = Debug|Any CPU
		{6D86BAB5-0898-49F0-9592-48E39A129502}.Release|Any CPU.ActiveCfg = Release|Any CPU
		{6D86BAB5-0898-49F0-9592-48E39A129502}.Release|Any CPU.Build.0 = Release|Any CPU
		{ADCEEE19-AD87-4B53-960C-F1EA86BE9288}.Debug|Any CPU.ActiveCfg = Debug|Any CPU
		{ADCEEE19-AD87-4B53-960C-F1EA86BE9288}.Debug|Any CPU.Build.0 = Debug|Any CPU
		{ADCEEE19-AD87-4B53-960C-F1EA86BE9288}.Release|Any CPU.ActiveCfg = Release|Any CPU
		{ADCEEE19-AD87-4B53-960C-F1EA86BE9288}.Release|Any CPU.Build.0 = Release|Any CPU
	EndGlobalSection
	GlobalSection(SolutionProperties) = preSolution
		HideSolutionNode = FALSE
	EndGlobalSection
	GlobalSection(NestedProjects) = preSolution
		{D94E86AE-5471-26BC-26D4-FF866901CF3B} = {538F2A43-6114-6D32-FD9B-C27BFA77DD39}
		{6D86BAB5-0898-49F0-9592-48E39A129502} = {538F2A43-6114-6D32-FD9B-C27BFA77DD39}
		{ADCEEE19-AD87-4B53-960C-F1EA86BE9288} = {538F2A43-6114-6D32-FD9B-C27BFA77DD39}
	EndGlobalSection
	GlobalSection(ExtensibilityGlobals) = postSolution
		SolutionGuid = {D3ABD370-F8BD-42DE-A0B3-8D55E317DD4F}
	EndGlobalSection
EndGlobal
